// !$*UTF8*$!
{
	archiveVersion = 1;
	classes = {
	};
	objectVersion = 46;
	objects = {

/* Begin PBXBuildFile section */
		200AE468221DA2BB00F41B0A /* HMDebugTree.swift in Sources */ = {isa = PBXBuildFile; fileRef = 200AE467221DA2BB00F41B0A /* HMDebugTree.swift */; };
		20251711227365070065177C /* NSLock+Extensions.swift in Sources */ = {isa = PBXBuildFile; fileRef = 20251710227365070065177C /* NSLock+Extensions.swift */; };
		20319CA022575FB50075A6E9 /* HMBytesConvertableTests.swift in Sources */ = {isa = PBXBuildFile; fileRef = 20319C9F22575FB50075A6E9 /* HMBytesConvertableTests.swift */; };
		2070E2A4221D7F6E0050CE86 /* HMBytesConvertable.swift in Sources */ = {isa = PBXBuildFile; fileRef = 2070E2A3221D7F6E0050CE86 /* HMBytesConvertable.swift */; };
		2070E2AE221D839E0050CE86 /* Date+Extensions.swift in Sources */ = {isa = PBXBuildFile; fileRef = 2070E2AD221D839E0050CE86 /* Date+Extensions.swift */; };
		2070E2B0221D842B0050CE86 /* URL+Extensions.swift in Sources */ = {isa = PBXBuildFile; fileRef = 2070E2AF221D842B0050CE86 /* URL+Extensions.swift */; };
		20896EF22147E0E4003A7A63 /* Double+Extensions.swift in Sources */ = {isa = PBXBuildFile; fileRef = 20896EF12147E0E4003A7A63 /* Double+Extensions.swift */; };
		OBJ_34 /* HMExtensionsTests.swift in Sources */ = {isa = PBXBuildFile; fileRef = OBJ_17 /* HMExtensionsTests.swift */; };
		OBJ_36 /* HMUtilities.framework in Frameworks */ = {isa = PBXBuildFile; fileRef = "HMUtilities::HMUtilities::Product" /* HMUtilities.framework */; };
		OBJ_43 /* Bool+Extensions.swift in Sources */ = {isa = PBXBuildFile; fileRef = OBJ_9 /* Bool+Extensions.swift */; };
		OBJ_45 /* Float+Extensions.swift in Sources */ = {isa = PBXBuildFile; fileRef = OBJ_11 /* Float+Extensions.swift */; };
		OBJ_46 /* SignedInteger+Extensions.swift in Sources */ = {isa = PBXBuildFile; fileRef = OBJ_12 /* SignedInteger+Extensions.swift */; };
		OBJ_47 /* String+Extensions.swift in Sources */ = {isa = PBXBuildFile; fileRef = OBJ_13 /* String+Extensions.swift */; };
		OBJ_48 /* Collection+Extensions.swift in Sources */ = {isa = PBXBuildFile; fileRef = OBJ_14 /* Collection+Extensions.swift */; };
/* End PBXBuildFile section */

/* Begin PBXContainerItemProxy section */
		206ED7D6206108C200D7761E /* PBXContainerItemProxy */ = {
			isa = PBXContainerItemProxy;
			containerPortal = OBJ_1 /* Project object */;
			proxyType = 1;
			remoteGlobalIDString = "HMUtilities::HMUtilities";
			remoteInfo = HMUtilities;
		};
/* End PBXContainerItemProxy section */

/* Begin PBXFileReference section */
		200AE467221DA2BB00F41B0A /* HMDebugTree.swift */ = {isa = PBXFileReference; lastKnownFileType = sourcecode.swift; path = HMDebugTree.swift; sourceTree = "<group>"; };
		20251710227365070065177C /* NSLock+Extensions.swift */ = {isa = PBXFileReference; lastKnownFileType = sourcecode.swift; path = "NSLock+Extensions.swift"; sourceTree = "<group>"; };
		20319C9F22575FB50075A6E9 /* HMBytesConvertableTests.swift */ = {isa = PBXFileReference; lastKnownFileType = sourcecode.swift; path = HMBytesConvertableTests.swift; sourceTree = "<group>"; };
		2070E2A3221D7F6E0050CE86 /* HMBytesConvertable.swift */ = {isa = PBXFileReference; fileEncoding = 4; lastKnownFileType = sourcecode.swift; path = HMBytesConvertable.swift; sourceTree = "<group>"; };
		2070E2AD221D839E0050CE86 /* Date+Extensions.swift */ = {isa = PBXFileReference; lastKnownFileType = sourcecode.swift; path = "Date+Extensions.swift"; sourceTree = "<group>"; };
		2070E2AF221D842B0050CE86 /* URL+Extensions.swift */ = {isa = PBXFileReference; lastKnownFileType = sourcecode.swift; path = "URL+Extensions.swift"; sourceTree = "<group>"; };
		20896EF12147E0E4003A7A63 /* Double+Extensions.swift */ = {isa = PBXFileReference; fileEncoding = 4; lastKnownFileType = sourcecode.swift; path = "Double+Extensions.swift"; sourceTree = "<group>"; };
		209A0B66232FC6D6001C4DA9 /* XCFrameworkBuilder.sh */ = {isa = PBXFileReference; lastKnownFileType = text.script.sh; path = XCFrameworkBuilder.sh; sourceTree = "<group>"; };
		"HMUtilities::HMUtilities::Product" /* HMUtilities.framework */ = {isa = PBXFileReference; explicitFileType = wrapper.framework; path = HMUtilities.framework; sourceTree = BUILT_PRODUCTS_DIR; };
		"HMUtilities::HMUtilitiesTests::Product" /* HMUtilitiesTests.xctest */ = {isa = PBXFileReference; explicitFileType = wrapper.cfbundle; path = HMUtilitiesTests.xctest; sourceTree = BUILT_PRODUCTS_DIR; };
		OBJ_11 /* Float+Extensions.swift */ = {isa = PBXFileReference; lastKnownFileType = sourcecode.swift; path = "Float+Extensions.swift"; sourceTree = "<group>"; };
		OBJ_12 /* SignedInteger+Extensions.swift */ = {isa = PBXFileReference; lastKnownFileType = sourcecode.swift; path = "SignedInteger+Extensions.swift"; sourceTree = "<group>"; };
		OBJ_13 /* String+Extensions.swift */ = {isa = PBXFileReference; lastKnownFileType = sourcecode.swift; path = "String+Extensions.swift"; sourceTree = "<group>"; };
		OBJ_14 /* Collection+Extensions.swift */ = {isa = PBXFileReference; lastKnownFileType = sourcecode.swift; path = "Collection+Extensions.swift"; sourceTree = "<group>"; };
		OBJ_17 /* HMExtensionsTests.swift */ = {isa = PBXFileReference; lastKnownFileType = sourcecode.swift; path = HMExtensionsTests.swift; sourceTree = "<group>"; };
		OBJ_6 /* Package.swift */ = {isa = PBXFileReference; explicitFileType = sourcecode.swift; path = Package.swift; sourceTree = "<group>"; };
		OBJ_9 /* Bool+Extensions.swift */ = {isa = PBXFileReference; lastKnownFileType = sourcecode.swift; path = "Bool+Extensions.swift"; sourceTree = "<group>"; };
/* End PBXFileReference section */

/* Begin PBXFrameworksBuildPhase section */
		OBJ_35 /* Frameworks */ = {
			isa = PBXFrameworksBuildPhase;
			buildActionMask = 0;
			files = (
				OBJ_36 /* HMUtilities.framework in Frameworks */,
			);
			runOnlyForDeploymentPostprocessing = 0;
		};
		OBJ_49 /* Frameworks */ = {
			isa = PBXFrameworksBuildPhase;
			buildActionMask = 0;
			files = (
			);
			runOnlyForDeploymentPostprocessing = 0;
		};
/* End PBXFrameworksBuildPhase section */

/* Begin PBXGroup section */
		2070E2B1221D844A0050CE86 /* Extensions */ = {
			isa = PBXGroup;
			children = (
				OBJ_9 /* Bool+Extensions.swift */,
				OBJ_14 /* Collection+Extensions.swift */,
				2070E2AD221D839E0050CE86 /* Date+Extensions.swift */,
				20896EF12147E0E4003A7A63 /* Double+Extensions.swift */,
				OBJ_11 /* Float+Extensions.swift */,
				20251710227365070065177C /* NSLock+Extensions.swift */,
				OBJ_12 /* SignedInteger+Extensions.swift */,
				OBJ_13 /* String+Extensions.swift */,
				2070E2AF221D842B0050CE86 /* URL+Extensions.swift */,
			);
			path = Extensions;
			sourceTree = "<group>";
		};
		209A0B65232FC6D6001C4DA9 /* Scripts */ = {
			isa = PBXGroup;
			children = (
				209A0B66232FC6D6001C4DA9 /* XCFrameworkBuilder.sh */,
			);
			path = Scripts;
			sourceTree = "<group>";
		};
		OBJ_15 /* Tests */ = {
			isa = PBXGroup;
			children = (
				OBJ_16 /* HMUtilitiesTests */,
			);
			name = Tests;
			sourceTree = SOURCE_ROOT;
		};
		OBJ_16 /* HMUtilitiesTests */ = {
			isa = PBXGroup;
			children = (
				20319C9F22575FB50075A6E9 /* HMBytesConvertableTests.swift */,
				OBJ_17 /* HMExtensionsTests.swift */,
			);
			name = HMUtilitiesTests;
			path = Tests/HMUtilitiesTests;
			sourceTree = SOURCE_ROOT;
		};
		OBJ_20 /* Products */ = {
			isa = PBXGroup;
			children = (
				"HMUtilities::HMUtilitiesTests::Product" /* HMUtilitiesTests.xctest */,
				"HMUtilities::HMUtilities::Product" /* HMUtilities.framework */,
			);
			name = Products;
			sourceTree = BUILT_PRODUCTS_DIR;
		};
		OBJ_5 = {
			isa = PBXGroup;
			children = (
				OBJ_6 /* Package.swift */,
				209A0B65232FC6D6001C4DA9 /* Scripts */,
				OBJ_7 /* Sources */,
				OBJ_15 /* Tests */,
				OBJ_20 /* Products */,
			);
			sourceTree = "<group>";
		};
		OBJ_7 /* Sources */ = {
			isa = PBXGroup;
			children = (
				OBJ_8 /* HMUtilities */,
			);
			name = Sources;
			sourceTree = SOURCE_ROOT;
		};
		OBJ_8 /* HMUtilities */ = {
			isa = PBXGroup;
			children = (
				2070E2A3221D7F6E0050CE86 /* HMBytesConvertable.swift */,
				200AE467221DA2BB00F41B0A /* HMDebugTree.swift */,
				2070E2B1221D844A0050CE86 /* Extensions */,
			);
			name = HMUtilities;
			path = Sources/HMUtilities;
			sourceTree = SOURCE_ROOT;
		};
/* End PBXGroup section */

/* Begin PBXNativeTarget section */
		"HMUtilities::HMUtilities" /* HMUtilities */ = {
			isa = PBXNativeTarget;
			buildConfigurationList = OBJ_39 /* Build configuration list for PBXNativeTarget "HMUtilities" */;
			buildPhases = (
				OBJ_42 /* Sources */,
				OBJ_49 /* Frameworks */,
			);
			buildRules = (
			);
			dependencies = (
			);
			name = HMUtilities;
			productName = HMUtilities;
			productReference = "HMUtilities::HMUtilities::Product" /* HMUtilities.framework */;
			productType = "com.apple.product-type.framework";
		};
		"HMUtilities::HMUtilitiesTests" /* HMUtilitiesTests */ = {
			isa = PBXNativeTarget;
			buildConfigurationList = OBJ_30 /* Build configuration list for PBXNativeTarget "HMUtilitiesTests" */;
			buildPhases = (
				OBJ_33 /* Sources */,
				OBJ_35 /* Frameworks */,
			);
			buildRules = (
			);
			dependencies = (
				OBJ_37 /* PBXTargetDependency */,
			);
			name = HMUtilitiesTests;
			productName = HMUtilitiesTests;
			productReference = "HMUtilities::HMUtilitiesTests::Product" /* HMUtilitiesTests.xctest */;
			productType = "com.apple.product-type.bundle.unit-test";
		};
/* End PBXNativeTarget section */

/* Begin PBXProject section */
		OBJ_1 /* Project object */ = {
			isa = PBXProject;
			attributes = {
				CLASSPREFIX = HM;
				LastUpgradeCheck = 1020;
				ORGANIZATIONNAME = "High Mobility GmbH";
				TargetAttributes = {
					"HMUtilities::HMUtilities" = {
						LastSwiftMigration = 1020;
					};
					"HMUtilities::HMUtilitiesTests" = {
						LastSwiftMigration = 1020;
					};
				};
			};
			buildConfigurationList = OBJ_2 /* Build configuration list for PBXProject "HMUtilities" */;
			compatibilityVersion = "Xcode 3.2";
			developmentRegion = en;
			hasScannedForEncodings = 0;
			knownRegions = (
				en,
				Base,
			);
			mainGroup = OBJ_5;
			productRefGroup = OBJ_20 /* Products */;
			projectDirPath = "";
			projectRoot = "";
			targets = (
				"HMUtilities::HMUtilitiesTests" /* HMUtilitiesTests */,
				"HMUtilities::HMUtilities" /* HMUtilities */,
			);
		};
/* End PBXProject section */

/* Begin PBXSourcesBuildPhase section */
		OBJ_33 /* Sources */ = {
			isa = PBXSourcesBuildPhase;
			buildActionMask = 0;
			files = (
				20319CA022575FB50075A6E9 /* HMBytesConvertableTests.swift in Sources */,
				OBJ_34 /* HMExtensionsTests.swift in Sources */,
			);
			runOnlyForDeploymentPostprocessing = 0;
		};
		OBJ_42 /* Sources */ = {
			isa = PBXSourcesBuildPhase;
			buildActionMask = 0;
			files = (
				20896EF22147E0E4003A7A63 /* Double+Extensions.swift in Sources */,
				2070E2AE221D839E0050CE86 /* Date+Extensions.swift in Sources */,
				OBJ_43 /* Bool+Extensions.swift in Sources */,
				2070E2A4221D7F6E0050CE86 /* HMBytesConvertable.swift in Sources */,
				20251711227365070065177C /* NSLock+Extensions.swift in Sources */,
				200AE468221DA2BB00F41B0A /* HMDebugTree.swift in Sources */,
				2070E2B0221D842B0050CE86 /* URL+Extensions.swift in Sources */,
				OBJ_45 /* Float+Extensions.swift in Sources */,
				OBJ_46 /* SignedInteger+Extensions.swift in Sources */,
				OBJ_47 /* String+Extensions.swift in Sources */,
				OBJ_48 /* Collection+Extensions.swift in Sources */,
			);
			runOnlyForDeploymentPostprocessing = 0;
		};
/* End PBXSourcesBuildPhase section */

/* Begin PBXTargetDependency section */
		OBJ_37 /* PBXTargetDependency */ = {
			isa = PBXTargetDependency;
			target = "HMUtilities::HMUtilities" /* HMUtilities */;
			targetProxy = 206ED7D6206108C200D7761E /* PBXContainerItemProxy */;
		};
/* End PBXTargetDependency section */

/* Begin XCBuildConfiguration section */
		OBJ_3 /* Debug */ = {
			isa = XCBuildConfiguration;
			buildSettings = {
				CLANG_ANALYZER_LOCALIZABILITY_NONLOCALIZED = YES;
				CLANG_ENABLE_OBJC_ARC = YES;
				CLANG_WARN_BLOCK_CAPTURE_AUTORELEASING = YES;
				CLANG_WARN_BOOL_CONVERSION = YES;
				CLANG_WARN_COMMA = YES;
				CLANG_WARN_CONSTANT_CONVERSION = YES;
				CLANG_WARN_DEPRECATED_OBJC_IMPLEMENTATIONS = YES;
				CLANG_WARN_EMPTY_BODY = YES;
				CLANG_WARN_ENUM_CONVERSION = YES;
				CLANG_WARN_INFINITE_RECURSION = YES;
				CLANG_WARN_INT_CONVERSION = YES;
				CLANG_WARN_NON_LITERAL_NULL_CONVERSION = YES;
				CLANG_WARN_OBJC_IMPLICIT_RETAIN_SELF = YES;
				CLANG_WARN_OBJC_LITERAL_CONVERSION = YES;
				CLANG_WARN_RANGE_LOOP_ANALYSIS = YES;
				CLANG_WARN_STRICT_PROTOTYPES = YES;
				CLANG_WARN_SUSPICIOUS_MOVE = YES;
				CLANG_WARN_UNREACHABLE_CODE = YES;
				CLANG_WARN__DUPLICATE_METHOD_MATCH = YES;
				COMBINE_HIDPI_IMAGES = YES;
				COPY_PHASE_STRIP = NO;
				DEBUG_INFORMATION_FORMAT = dwarf;
				DEFINES_MODULE = YES;
				DYLIB_INSTALL_NAME_BASE = "@rpath";
				ENABLE_NS_ASSERTIONS = YES;
				ENABLE_STRICT_OBJC_MSGSEND = YES;
				ENABLE_TESTABILITY = YES;
				GCC_NO_COMMON_BLOCKS = YES;
				GCC_OPTIMIZATION_LEVEL = 0;
				GCC_WARN_64_TO_32_BIT_CONVERSION = YES;
				GCC_WARN_ABOUT_RETURN_TYPE = YES;
				GCC_WARN_UNDECLARED_SELECTOR = YES;
				GCC_WARN_UNINITIALIZED_AUTOS = YES;
				GCC_WARN_UNUSED_FUNCTION = YES;
				GCC_WARN_UNUSED_VARIABLE = YES;
				IPHONEOS_DEPLOYMENT_TARGET = 10.0;
				MACOSX_DEPLOYMENT_TARGET = 10.10;
				ONLY_ACTIVE_ARCH = YES;
				OTHER_SWIFT_FLAGS = "-DXcode";
				PRODUCT_NAME = "$(TARGET_NAME)";
				SDKROOT = iphoneos;
				SUPPORTED_PLATFORMS = "iphonesimulator iphoneos";
				SWIFT_ACTIVE_COMPILATION_CONDITIONS = SWIFT_PACKAGE;
				SWIFT_OPTIMIZATION_LEVEL = "-Onone";
				TVOS_DEPLOYMENT_TARGET = 10.0;
				USE_HEADERMAP = NO;
				WATCHOS_DEPLOYMENT_TARGET = 3.0;
			};
			name = Debug;
		};
		OBJ_31 /* Debug */ = {
			isa = XCBuildConfiguration;
			buildSettings = {
				ALWAYS_EMBED_SWIFT_STANDARD_LIBRARIES = YES;
				FRAMEWORK_SEARCH_PATHS = (
					"$(inherited)",
					"$(PLATFORM_DIR)/Developer/Library/Frameworks",
				);
				HEADER_SEARCH_PATHS = "$(inherited)";
				INFOPLIST_FILE = HMUtilities.xcodeproj/HMUtilitiesTests_Info.plist;
				LD_RUNPATH_SEARCH_PATHS = "@loader_path/../Frameworks @loader_path/Frameworks";
				OTHER_LDFLAGS = "$(inherited)";
				OTHER_SWIFT_FLAGS = "$(inherited)";
				SWIFT_VERSION = 5.0;
				TARGET_NAME = HMUtilitiesTests;
			};
			name = Debug;
		};
		OBJ_32 /* Release */ = {
			isa = XCBuildConfiguration;
			buildSettings = {
				ALWAYS_EMBED_SWIFT_STANDARD_LIBRARIES = YES;
				FRAMEWORK_SEARCH_PATHS = (
					"$(inherited)",
					"$(PLATFORM_DIR)/Developer/Library/Frameworks",
				);
				HEADER_SEARCH_PATHS = "$(inherited)";
				INFOPLIST_FILE = HMUtilities.xcodeproj/HMUtilitiesTests_Info.plist;
				LD_RUNPATH_SEARCH_PATHS = "@loader_path/../Frameworks @loader_path/Frameworks";
				OTHER_LDFLAGS = "$(inherited)";
				OTHER_SWIFT_FLAGS = "$(inherited)";
				SWIFT_VERSION = 5.0;
				TARGET_NAME = HMUtilitiesTests;
			};
			name = Release;
		};
		OBJ_4 /* Release */ = {
			isa = XCBuildConfiguration;
			buildSettings = {
				CLANG_ANALYZER_LOCALIZABILITY_NONLOCALIZED = YES;
				CLANG_ENABLE_OBJC_ARC = YES;
				CLANG_WARN_BLOCK_CAPTURE_AUTORELEASING = YES;
				CLANG_WARN_BOOL_CONVERSION = YES;
				CLANG_WARN_COMMA = YES;
				CLANG_WARN_CONSTANT_CONVERSION = YES;
				CLANG_WARN_DEPRECATED_OBJC_IMPLEMENTATIONS = YES;
				CLANG_WARN_EMPTY_BODY = YES;
				CLANG_WARN_ENUM_CONVERSION = YES;
				CLANG_WARN_INFINITE_RECURSION = YES;
				CLANG_WARN_INT_CONVERSION = YES;
				CLANG_WARN_NON_LITERAL_NULL_CONVERSION = YES;
				CLANG_WARN_OBJC_IMPLICIT_RETAIN_SELF = YES;
				CLANG_WARN_OBJC_LITERAL_CONVERSION = YES;
				CLANG_WARN_RANGE_LOOP_ANALYSIS = YES;
				CLANG_WARN_STRICT_PROTOTYPES = YES;
				CLANG_WARN_SUSPICIOUS_MOVE = YES;
				CLANG_WARN_UNREACHABLE_CODE = YES;
				CLANG_WARN__DUPLICATE_METHOD_MATCH = YES;
				COMBINE_HIDPI_IMAGES = YES;
				COPY_PHASE_STRIP = YES;
				DEBUG_INFORMATION_FORMAT = "dwarf-with-dsym";
				DEFINES_MODULE = YES;
				DYLIB_INSTALL_NAME_BASE = "@rpath";
				ENABLE_STRICT_OBJC_MSGSEND = YES;
				GCC_NO_COMMON_BLOCKS = YES;
				GCC_OPTIMIZATION_LEVEL = s;
				GCC_WARN_64_TO_32_BIT_CONVERSION = YES;
				GCC_WARN_ABOUT_RETURN_TYPE = YES;
				GCC_WARN_UNDECLARED_SELECTOR = YES;
				GCC_WARN_UNINITIALIZED_AUTOS = YES;
				GCC_WARN_UNUSED_FUNCTION = YES;
				GCC_WARN_UNUSED_VARIABLE = YES;
				IPHONEOS_DEPLOYMENT_TARGET = 10.0;
				MACOSX_DEPLOYMENT_TARGET = 10.10;
				OTHER_SWIFT_FLAGS = "-DXcode";
				PRODUCT_NAME = "$(TARGET_NAME)";
				SDKROOT = iphoneos;
				SUPPORTED_PLATFORMS = "iphonesimulator iphoneos";
				SWIFT_ACTIVE_COMPILATION_CONDITIONS = SWIFT_PACKAGE;
				SWIFT_OPTIMIZATION_LEVEL = "-Owholemodule";
				TVOS_DEPLOYMENT_TARGET = 10.0;
				USE_HEADERMAP = NO;
				WATCHOS_DEPLOYMENT_TARGET = 3.0;
			};
			name = Release;
		};
		OBJ_40 /* Debug */ = {
			isa = XCBuildConfiguration;
			buildSettings = {
				BUILD_LIBRARY_FOR_DISTRIBUTION = YES;
				CURRENT_PROJECT_VERSION = "$(MARKETING_VERSION)";
				ENABLE_TESTABILITY = YES;
				FRAMEWORK_SEARCH_PATHS = (
					"$(inherited)",
					"$(PLATFORM_DIR)/Developer/Library/Frameworks",
				);
				HEADER_SEARCH_PATHS = "$(inherited)";
				INFOPLIST_FILE = HMUtilities.xcodeproj/HMUtilities_Info.plist;
				LD_RUNPATH_SEARCH_PATHS = "$(TOOLCHAIN_DIR)/usr/lib/swift/macosx";
				MARKETING_VERSION = 1.4.6;
				OTHER_LDFLAGS = "$(inherited)";
				OTHER_SWIFT_FLAGS = "$(inherited)";
				PRODUCT_BUNDLE_IDENTIFIER = "com.high-mobility.hmutilities";
				PRODUCT_MODULE_NAME = "$(TARGET_NAME:c99extidentifier)";
				PRODUCT_NAME = "$(TARGET_NAME:c99extidentifier)";
				SWIFT_VERSION = 5.0;
				TARGET_NAME = HMUtilities;
			};
			name = Debug;
		};
		OBJ_41 /* Release */ = {
			isa = XCBuildConfiguration;
			buildSettings = {
				BUILD_LIBRARY_FOR_DISTRIBUTION = YES;
				CURRENT_PROJECT_VERSION = "$(MARKETING_VERSION)";
				ENABLE_TESTABILITY = NO;
				FRAMEWORK_SEARCH_PATHS = (
					"$(inherited)",
					"$(PLATFORM_DIR)/Developer/Library/Frameworks",
				);
				HEADER_SEARCH_PATHS = "$(inherited)";
				INFOPLIST_FILE = HMUtilities.xcodeproj/HMUtilities_Info.plist;
				LD_RUNPATH_SEARCH_PATHS = "$(TOOLCHAIN_DIR)/usr/lib/swift/macosx";
				MARKETING_VERSION = 1.4.6;
				OTHER_LDFLAGS = "$(inherited)";
				OTHER_SWIFT_FLAGS = "$(inherited)";
				PRODUCT_BUNDLE_IDENTIFIER = "com.high-mobility.hmutilities";
				PRODUCT_MODULE_NAME = "$(TARGET_NAME:c99extidentifier)";
				PRODUCT_NAME = "$(TARGET_NAME:c99extidentifier)";
				SWIFT_VERSION = 5.0;
				TARGET_NAME = HMUtilities;
			};
			name = Release;
		};
/* End XCBuildConfiguration section */

/* Begin XCConfigurationList section */
		OBJ_2 /* Build configuration list for PBXProject "HMUtilities" */ = {
			isa = XCConfigurationList;
			buildConfigurations = (
				OBJ_3 /* Debug */,
				OBJ_4 /* Release */,
			);
			defaultConfigurationIsVisible = 0;
			defaultConfigurationName = Debug;
		};
		OBJ_30 /* Build configuration list for PBXNativeTarget "HMUtilitiesTests" */ = {
			isa = XCConfigurationList;
			buildConfigurations = (
				OBJ_31 /* Debug */,
				OBJ_32 /* Release */,
			);
			defaultConfigurationIsVisible = 0;
			defaultConfigurationName = Debug;
		};
		OBJ_39 /* Build configuration list for PBXNativeTarget "HMUtilities" */ = {
			isa = XCConfigurationList;
			buildConfigurations = (
				OBJ_40 /* Debug */,
				OBJ_41 /* Release */,
			);
			defaultConfigurationIsVisible = 0;
			defaultConfigurationName = Debug;
		};
/* End XCConfigurationList section */
	};
	rootObject = OBJ_1 /* Project object */;
}
