// !$*UTF8*$!
{
	archiveVersion = 1;
	classes = {
	};
	objectVersion = 46;
	objects = {

/* Begin PBXAggregateTarget section */
		206ED7D820610B4900D7761E /* HMUtilities iOS Universal */ = {
			isa = PBXAggregateTarget;
			buildConfigurationList = 206ED7D920610B4900D7761E /* Build configuration list for PBXAggregateTarget "HMUtilities iOS Universal" */;
			buildPhases = (
				206ED7DC20610B7100D7761E /* ShellScript */,
			);
			dependencies = (
			);
			name = "HMUtilities iOS Universal";
			productName = "HMUtilities iOS Universal";
		};
/* End PBXAggregateTarget section */

/* Begin PBXBuildFile section */
		2067973820A43599003734D0 /* DebugTree.swift in Sources */ = {isa = PBXBuildFile; fileRef = 2067973720A43599003734D0 /* DebugTree.swift */; };
		OBJ_34 /* HMUtilitiesTests.swift in Sources */ = {isa = PBXBuildFile; fileRef = OBJ_17 /* HMUtilitiesTests.swift */; };
		OBJ_36 /* HMUtilities.framework in Frameworks */ = {isa = PBXBuildFile; fileRef = "HMUtilities::HMUtilities::Product" /* HMUtilities.framework */; };
		OBJ_43 /* Bool+Extensions.swift in Sources */ = {isa = PBXBuildFile; fileRef = OBJ_9 /* Bool+Extensions.swift */; };
		OBJ_44 /* FixedWidthInteger+Extensions.swift in Sources */ = {isa = PBXBuildFile; fileRef = OBJ_10 /* FixedWidthInteger+Extensions.swift */; };
		OBJ_45 /* Float+Extensions.swift in Sources */ = {isa = PBXBuildFile; fileRef = OBJ_11 /* Float+Extensions.swift */; };
		OBJ_46 /* SignedInteger+Extensions.swift in Sources */ = {isa = PBXBuildFile; fileRef = OBJ_12 /* SignedInteger+Extensions.swift */; };
		OBJ_47 /* String+Extensions.swift in Sources */ = {isa = PBXBuildFile; fileRef = OBJ_13 /* String+Extensions.swift */; };
		OBJ_48 /* UInt8Collection+Extensions.swift in Sources */ = {isa = PBXBuildFile; fileRef = OBJ_14 /* UInt8Collection+Extensions.swift */; };
/* End PBXBuildFile section */

/* Begin PBXContainerItemProxy section */
		206ED7D6206108C200D7761E /* PBXContainerItemProxy */ = {
			isa = PBXContainerItemProxy;
			containerPortal = OBJ_1 /* Project object */;
			proxyType = 1;
			remoteGlobalIDString = "HMUtilities::HMUtilities";
			remoteInfo = HMUtilities;
		};
/* End PBXContainerItemProxy section */

/* Begin PBXFileReference section */
		2067973720A43599003734D0 /* DebugTree.swift */ = {isa = PBXFileReference; lastKnownFileType = sourcecode.swift; path = DebugTree.swift; sourceTree = "<group>"; };
		"HMUtilities::HMUtilities::Product" /* HMUtilities.framework */ = {isa = PBXFileReference; explicitFileType = wrapper.framework; path = HMUtilities.framework; sourceTree = BUILT_PRODUCTS_DIR; };
		"HMUtilities::HMUtilitiesTests::Product" /* HMUtilitiesTests.xctest */ = {isa = PBXFileReference; explicitFileType = wrapper.cfbundle; path = HMUtilitiesTests.xctest; sourceTree = BUILT_PRODUCTS_DIR; };
		OBJ_10 /* FixedWidthInteger+Extensions.swift */ = {isa = PBXFileReference; lastKnownFileType = sourcecode.swift; path = "FixedWidthInteger+Extensions.swift"; sourceTree = "<group>"; };
		OBJ_11 /* Float+Extensions.swift */ = {isa = PBXFileReference; lastKnownFileType = sourcecode.swift; path = "Float+Extensions.swift"; sourceTree = "<group>"; };
		OBJ_12 /* SignedInteger+Extensions.swift */ = {isa = PBXFileReference; lastKnownFileType = sourcecode.swift; path = "SignedInteger+Extensions.swift"; sourceTree = "<group>"; };
		OBJ_13 /* String+Extensions.swift */ = {isa = PBXFileReference; lastKnownFileType = sourcecode.swift; path = "String+Extensions.swift"; sourceTree = "<group>"; };
		OBJ_14 /* UInt8Collection+Extensions.swift */ = {isa = PBXFileReference; lastKnownFileType = sourcecode.swift; path = "UInt8Collection+Extensions.swift"; sourceTree = "<group>"; };
		OBJ_17 /* HMUtilitiesTests.swift */ = {isa = PBXFileReference; lastKnownFileType = sourcecode.swift; path = HMUtilitiesTests.swift; sourceTree = "<group>"; };
		OBJ_19 /* Scripts */ = {isa = PBXFileReference; lastKnownFileType = folder; path = Scripts; sourceTree = SOURCE_ROOT; };
		OBJ_6 /* Package.swift */ = {isa = PBXFileReference; explicitFileType = sourcecode.swift; path = Package.swift; sourceTree = "<group>"; };
		OBJ_9 /* Bool+Extensions.swift */ = {isa = PBXFileReference; lastKnownFileType = sourcecode.swift; path = "Bool+Extensions.swift"; sourceTree = "<group>"; };
/* End PBXFileReference section */

/* Begin PBXFrameworksBuildPhase section */
		OBJ_35 /* Frameworks */ = {
			isa = PBXFrameworksBuildPhase;
			buildActionMask = 0;
			files = (
				OBJ_36 /* HMUtilities.framework in Frameworks */,
			);
			runOnlyForDeploymentPostprocessing = 0;
		};
		OBJ_49 /* Frameworks */ = {
			isa = PBXFrameworksBuildPhase;
			buildActionMask = 0;
			files = (
			);
			runOnlyForDeploymentPostprocessing = 0;
		};
/* End PBXFrameworksBuildPhase section */

/* Begin PBXGroup section */
		OBJ_15 /* Tests */ = {
			isa = PBXGroup;
			children = (
				OBJ_16 /* HMUtilitiesTests */,
			);
			name = Tests;
			sourceTree = SOURCE_ROOT;
		};
		OBJ_16 /* HMUtilitiesTests */ = {
			isa = PBXGroup;
			children = (
				OBJ_17 /* HMUtilitiesTests.swift */,
			);
			name = HMUtilitiesTests;
			path = Tests/HMUtilitiesTests;
			sourceTree = SOURCE_ROOT;
		};
		OBJ_20 /* Products */ = {
			isa = PBXGroup;
			children = (
				"HMUtilities::HMUtilitiesTests::Product" /* HMUtilitiesTests.xctest */,
				"HMUtilities::HMUtilities::Product" /* HMUtilities.framework */,
			);
			name = Products;
			sourceTree = BUILT_PRODUCTS_DIR;
		};
		OBJ_5 = {
			isa = PBXGroup;
			children = (
				OBJ_6 /* Package.swift */,
				OBJ_7 /* Sources */,
				OBJ_15 /* Tests */,
				OBJ_19 /* Scripts */,
				OBJ_20 /* Products */,
			);
			sourceTree = "<group>";
		};
		OBJ_7 /* Sources */ = {
			isa = PBXGroup;
			children = (
				OBJ_8 /* HMUtilities */,
			);
			name = Sources;
			sourceTree = SOURCE_ROOT;
		};
		OBJ_8 /* HMUtilities */ = {
			isa = PBXGroup;
			children = (
				OBJ_9 /* Bool+Extensions.swift */,
				2067973720A43599003734D0 /* DebugTree.swift */,
				OBJ_10 /* FixedWidthInteger+Extensions.swift */,
				OBJ_11 /* Float+Extensions.swift */,
				OBJ_12 /* SignedInteger+Extensions.swift */,
				OBJ_13 /* String+Extensions.swift */,
				OBJ_14 /* UInt8Collection+Extensions.swift */,
			);
			name = HMUtilities;
			path = Sources/HMUtilities;
			sourceTree = SOURCE_ROOT;
		};
/* End PBXGroup section */

/* Begin PBXNativeTarget section */
		"HMUtilities::HMUtilities" /* HMUtilities */ = {
			isa = PBXNativeTarget;
			buildConfigurationList = OBJ_39 /* Build configuration list for PBXNativeTarget "HMUtilities" */;
			buildPhases = (
				OBJ_42 /* Sources */,
				OBJ_49 /* Frameworks */,
			);
			buildRules = (
			);
			dependencies = (
			);
			name = HMUtilities;
			productName = HMUtilities;
			productReference = "HMUtilities::HMUtilities::Product" /* HMUtilities.framework */;
			productType = "com.apple.product-type.framework";
		};
		"HMUtilities::HMUtilitiesTests" /* HMUtilitiesTests */ = {
			isa = PBXNativeTarget;
			buildConfigurationList = OBJ_30 /* Build configuration list for PBXNativeTarget "HMUtilitiesTests" */;
			buildPhases = (
				OBJ_33 /* Sources */,
				OBJ_35 /* Frameworks */,
			);
			buildRules = (
			);
			dependencies = (
				OBJ_37 /* PBXTargetDependency */,
			);
			name = HMUtilitiesTests;
			productName = HMUtilitiesTests;
			productReference = "HMUtilities::HMUtilitiesTests::Product" /* HMUtilitiesTests.xctest */;
			productType = "com.apple.product-type.bundle.unit-test";
		};
/* End PBXNativeTarget section */

/* Begin PBXProject section */
		OBJ_1 /* Project object */ = {
			isa = PBXProject;
			attributes = {
				LastUpgradeCheck = 0930;
				TargetAttributes = {
					206ED7D820610B4900D7761E = {
						CreatedOnToolsVersion = 9.2;
						DevelopmentTeam = F42CFRE556;
						ProvisioningStyle = Automatic;
					};
					"HMUtilities::HMUtilitiesTests" = {
						LastSwiftMigration = 1000;
					};
				};
			};
			buildConfigurationList = OBJ_2 /* Build configuration list for PBXProject "HMUtilities" */;
			compatibilityVersion = "Xcode 3.2";
			developmentRegion = English;
			hasScannedForEncodings = 0;
			knownRegions = (
				en,
			);
			mainGroup = OBJ_5;
			productRefGroup = OBJ_20 /* Products */;
			projectDirPath = "";
			projectRoot = "";
			targets = (
				"HMUtilities::HMUtilitiesTests" /* HMUtilitiesTests */,
				"HMUtilities::HMUtilities" /* HMUtilities */,
				206ED7D820610B4900D7761E /* HMUtilities iOS Universal */,
			);
		};
/* End PBXProject section */

/* Begin PBXShellScriptBuildPhase section */
		206ED7DC20610B7100D7761E /* ShellScript */ = {
			isa = PBXShellScriptBuildPhase;
			buildActionMask = 2147483647;
			files = (
			);
			inputPaths = (
			);
			outputPaths = (
			);
			runOnlyForDeploymentPostprocessing = 0;
			shellPath = /bin/sh;
			shellScript = "/bin/sh \"${SRCROOT}/Scripts/UniversalBuildScript.sh\"";
		};
/* End PBXShellScriptBuildPhase section */

/* Begin PBXSourcesBuildPhase section */
		OBJ_33 /* Sources */ = {
			isa = PBXSourcesBuildPhase;
			buildActionMask = 0;
			files = (
				OBJ_34 /* HMUtilitiesTests.swift in Sources */,
			);
			runOnlyForDeploymentPostprocessing = 0;
		};
		OBJ_42 /* Sources */ = {
			isa = PBXSourcesBuildPhase;
			buildActionMask = 0;
			files = (
				OBJ_43 /* Bool+Extensions.swift in Sources */,
				OBJ_44 /* FixedWidthInteger+Extensions.swift in Sources */,
				OBJ_45 /* Float+Extensions.swift in Sources */,
				OBJ_46 /* SignedInteger+Extensions.swift in Sources */,
				2067973820A43599003734D0 /* DebugTree.swift in Sources */,
				OBJ_47 /* String+Extensions.swift in Sources */,
				OBJ_48 /* UInt8Collection+Extensions.swift in Sources */,
			);
			runOnlyForDeploymentPostprocessing = 0;
		};
/* End PBXSourcesBuildPhase section */

/* Begin PBXTargetDependency section */
		OBJ_37 /* PBXTargetDependency */ = {
			isa = PBXTargetDependency;
			target = "HMUtilities::HMUtilities" /* HMUtilities */;
			targetProxy = 206ED7D6206108C200D7761E /* PBXContainerItemProxy */;
		};
/* End PBXTargetDependency section */

/* Begin XCBuildConfiguration section */
		206ED7DA20610B4900D7761E /* Debug */ = {
			isa = XCBuildConfiguration;
			buildSettings = {
				CODE_SIGN_STYLE = Automatic;
				DEVELOPMENT_TEAM = F42CFRE556;
				PRODUCT_NAME = "$(TARGET_NAME)";
				SDKROOT = iphoneos;
				SUPPORTED_PLATFORMS = "iphoneos iphonesimulator";
				SWIFT_VERSION = 4.2;
			};
			name = Debug;
		};
		206ED7DB20610B4900D7761E /* Release */ = {
			isa = XCBuildConfiguration;
			buildSettings = {
				CODE_SIGN_STYLE = Automatic;
				DEVELOPMENT_TEAM = F42CFRE556;
				PRODUCT_NAME = "$(TARGET_NAME)";
				SDKROOT = iphoneos;
				SUPPORTED_PLATFORMS = "iphoneos iphonesimulator";
				SWIFT_VERSION = 4.2;
			};
			name = Release;
		};
		OBJ_3 /* Debug */ = {
			isa = XCBuildConfiguration;
			buildSettings = {
				CLANG_ENABLE_OBJC_ARC = YES;
				CLANG_WARN_BLOCK_CAPTURE_AUTORELEASING = YES;
				CLANG_WARN_BOOL_CONVERSION = YES;
				CLANG_WARN_COMMA = YES;
				CLANG_WARN_CONSTANT_CONVERSION = YES;
				CLANG_WARN_DEPRECATED_OBJC_IMPLEMENTATIONS = YES;
				CLANG_WARN_EMPTY_BODY = YES;
				CLANG_WARN_ENUM_CONVERSION = YES;
				CLANG_WARN_INFINITE_RECURSION = YES;
				CLANG_WARN_INT_CONVERSION = YES;
				CLANG_WARN_NON_LITERAL_NULL_CONVERSION = YES;
				CLANG_WARN_OBJC_IMPLICIT_RETAIN_SELF = YES;
				CLANG_WARN_OBJC_LITERAL_CONVERSION = YES;
				CLANG_WARN_RANGE_LOOP_ANALYSIS = YES;
				CLANG_WARN_STRICT_PROTOTYPES = YES;
				CLANG_WARN_SUSPICIOUS_MOVE = YES;
				CLANG_WARN_UNREACHABLE_CODE = YES;
				CLANG_WARN__DUPLICATE_METHOD_MATCH = YES;
				COMBINE_HIDPI_IMAGES = YES;
				COPY_PHASE_STRIP = NO;
				DEBUG_INFORMATION_FORMAT = dwarf;
				DEFINES_MODULE = YES;
				DYLIB_INSTALL_NAME_BASE = "@rpath";
				ENABLE_NS_ASSERTIONS = YES;
				ENABLE_STRICT_OBJC_MSGSEND = YES;
				ENABLE_TESTABILITY = YES;
				GCC_NO_COMMON_BLOCKS = YES;
				GCC_OPTIMIZATION_LEVEL = 0;
				GCC_WARN_64_TO_32_BIT_CONVERSION = YES;
				GCC_WARN_ABOUT_RETURN_TYPE = YES;
				GCC_WARN_UNDECLARED_SELECTOR = YES;
				GCC_WARN_UNINITIALIZED_AUTOS = YES;
				GCC_WARN_UNUSED_FUNCTION = YES;
				GCC_WARN_UNUSED_VARIABLE = YES;
				IPHONEOS_DEPLOYMENT_TARGET = 10.0;
				MACOSX_DEPLOYMENT_TARGET = 10.10;
				ONLY_ACTIVE_ARCH = YES;
				OTHER_SWIFT_FLAGS = "-DXcode";
				PRODUCT_NAME = "$(TARGET_NAME)";
				SDKROOT = macosx;
				SUPPORTED_PLATFORMS = "macosx iphoneos iphonesimulator appletvos appletvsimulator watchos watchsimulator";
				SWIFT_ACTIVE_COMPILATION_CONDITIONS = SWIFT_PACKAGE;
				SWIFT_OPTIMIZATION_LEVEL = "-Onone";
				TVOS_DEPLOYMENT_TARGET = 10.0;
				USE_HEADERMAP = NO;
				WATCHOS_DEPLOYMENT_TARGET = 3.0;
			};
			name = Debug;
		};
		OBJ_31 /* Debug */ = {
			isa = XCBuildConfiguration;
			buildSettings = {
				ALWAYS_EMBED_SWIFT_STANDARD_LIBRARIES = YES;
				FRAMEWORK_SEARCH_PATHS = (
					"$(inherited)",
					"$(PLATFORM_DIR)/Developer/Library/Frameworks",
				);
				HEADER_SEARCH_PATHS = "$(inherited)";
				INFOPLIST_FILE = HMUtilities.xcodeproj/HMUtilitiesTests_Info.plist;
				LD_RUNPATH_SEARCH_PATHS = "@loader_path/../Frameworks @loader_path/Frameworks";
				OTHER_LDFLAGS = "$(inherited)";
				OTHER_SWIFT_FLAGS = "$(inherited)";
				SWIFT_VERSION = 4.2;
				TARGET_NAME = HMUtilitiesTests;
			};
			name = Debug;
		};
		OBJ_32 /* Release */ = {
			isa = XCBuildConfiguration;
			buildSettings = {
				ALWAYS_EMBED_SWIFT_STANDARD_LIBRARIES = YES;
				FRAMEWORK_SEARCH_PATHS = (
					"$(inherited)",
					"$(PLATFORM_DIR)/Developer/Library/Frameworks",
				);
				HEADER_SEARCH_PATHS = "$(inherited)";
				INFOPLIST_FILE = HMUtilities.xcodeproj/HMUtilitiesTests_Info.plist;
				LD_RUNPATH_SEARCH_PATHS = "@loader_path/../Frameworks @loader_path/Frameworks";
				OTHER_LDFLAGS = "$(inherited)";
				OTHER_SWIFT_FLAGS = "$(inherited)";
				SWIFT_VERSION = 4.2;
				TARGET_NAME = HMUtilitiesTests;
			};
			name = Release;
		};
		OBJ_4 /* Release */ = {
			isa = XCBuildConfiguration;
			buildSettings = {
				CLANG_ENABLE_OBJC_ARC = YES;
				CLANG_WARN_BLOCK_CAPTURE_AUTORELEASING = YES;
				CLANG_WARN_BOOL_CONVERSION = YES;
				CLANG_WARN_COMMA = YES;
				CLANG_WARN_CONSTANT_CONVERSION = YES;
				CLANG_WARN_DEPRECATED_OBJC_IMPLEMENTATIONS = YES;
				CLANG_WARN_EMPTY_BODY = YES;
				CLANG_WARN_ENUM_CONVERSION = YES;
				CLANG_WARN_INFINITE_RECURSION = YES;
				CLANG_WARN_INT_CONVERSION = YES;
				CLANG_WARN_NON_LITERAL_NULL_CONVERSION = YES;
				CLANG_WARN_OBJC_IMPLICIT_RETAIN_SELF = YES;
				CLANG_WARN_OBJC_LITERAL_CONVERSION = YES;
				CLANG_WARN_RANGE_LOOP_ANALYSIS = YES;
				CLANG_WARN_STRICT_PROTOTYPES = YES;
				CLANG_WARN_SUSPICIOUS_MOVE = YES;
				CLANG_WARN_UNREACHABLE_CODE = YES;
				CLANG_WARN__DUPLICATE_METHOD_MATCH = YES;
				COMBINE_HIDPI_IMAGES = YES;
				COPY_PHASE_STRIP = YES;
				DEBUG_INFORMATION_FORMAT = "dwarf-with-dsym";
				DEFINES_MODULE = YES;
				DYLIB_INSTALL_NAME_BASE = "@rpath";
				ENABLE_STRICT_OBJC_MSGSEND = YES;
				GCC_NO_COMMON_BLOCKS = YES;
				GCC_OPTIMIZATION_LEVEL = s;
				GCC_WARN_64_TO_32_BIT_CONVERSION = YES;
				GCC_WARN_ABOUT_RETURN_TYPE = YES;
				GCC_WARN_UNDECLARED_SELECTOR = YES;
				GCC_WARN_UNINITIALIZED_AUTOS = YES;
				GCC_WARN_UNUSED_FUNCTION = YES;
				GCC_WARN_UNUSED_VARIABLE = YES;
				IPHONEOS_DEPLOYMENT_TARGET = 10.0;
				MACOSX_DEPLOYMENT_TARGET = 10.10;
				OTHER_SWIFT_FLAGS = "-DXcode";
				PRODUCT_NAME = "$(TARGET_NAME)";
				SDKROOT = macosx;
				SUPPORTED_PLATFORMS = "macosx iphoneos iphonesimulator appletvos appletvsimulator watchos watchsimulator";
				SWIFT_ACTIVE_COMPILATION_CONDITIONS = SWIFT_PACKAGE;
				SWIFT_OPTIMIZATION_LEVEL = "-Owholemodule";
				TVOS_DEPLOYMENT_TARGET = 10.0;
				USE_HEADERMAP = NO;
				WATCHOS_DEPLOYMENT_TARGET = 3.0;
			};
			name = Release;
		};
		OBJ_40 /* Debug */ = {
			isa = XCBuildConfiguration;
			buildSettings = {
				ENABLE_TESTABILITY = YES;
				FRAMEWORK_SEARCH_PATHS = (
					"$(inherited)",
					"$(PLATFORM_DIR)/Developer/Library/Frameworks",
				);
				HEADER_SEARCH_PATHS = "$(inherited)";
				INFOPLIST_FILE = HMUtilities.xcodeproj/HMUtilities_Info.plist;
				LD_RUNPATH_SEARCH_PATHS = "$(TOOLCHAIN_DIR)/usr/lib/swift/macosx";
				OTHER_LDFLAGS = "$(inherited)";
				OTHER_SWIFT_FLAGS = "$(inherited)";
				PRODUCT_BUNDLE_IDENTIFIER = "com.high-mobility.hmutilities";
				PRODUCT_MODULE_NAME = "$(TARGET_NAME:c99extidentifier)";
				PRODUCT_NAME = "$(TARGET_NAME:c99extidentifier)";
				SWIFT_VERSION = 4.2;
				TARGET_NAME = HMUtilities;
			};
			name = Debug;
		};
		OBJ_41 /* Release */ = {
			isa = XCBuildConfiguration;
			buildSettings = {
				ENABLE_TESTABILITY = NO;
				FRAMEWORK_SEARCH_PATHS = (
					"$(inherited)",
					"$(PLATFORM_DIR)/Developer/Library/Frameworks",
				);
				HEADER_SEARCH_PATHS = "$(inherited)";
				INFOPLIST_FILE = HMUtilities.xcodeproj/HMUtilities_Info.plist;
				LD_RUNPATH_SEARCH_PATHS = "$(TOOLCHAIN_DIR)/usr/lib/swift/macosx";
				OTHER_LDFLAGS = "$(inherited)";
				OTHER_SWIFT_FLAGS = "$(inherited)";
				PRODUCT_BUNDLE_IDENTIFIER = "com.high-mobility.hmutilities";
				PRODUCT_MODULE_NAME = "$(TARGET_NAME:c99extidentifier)";
				PRODUCT_NAME = "$(TARGET_NAME:c99extidentifier)";
				SWIFT_VERSION = 4.2;
				TARGET_NAME = HMUtilities;
			};
			name = Release;
		};
/* End XCBuildConfiguration section */

/* Begin XCConfigurationList section */
		206ED7D920610B4900D7761E /* Build configuration list for PBXAggregateTarget "HMUtilities iOS Universal" */ = {
			isa = XCConfigurationList;
			buildConfigurations = (
				206ED7DA20610B4900D7761E /* Debug */,
				206ED7DB20610B4900D7761E /* Release */,
			);
			defaultConfigurationIsVisible = 0;
			defaultConfigurationName = Debug;
		};
		OBJ_2 /* Build configuration list for PBXProject "HMUtilities" */ = {
			isa = XCConfigurationList;
			buildConfigurations = (
				OBJ_3 /* Debug */,
				OBJ_4 /* Release */,
			);
			defaultConfigurationIsVisible = 0;
			defaultConfigurationName = Debug;
		};
		OBJ_30 /* Build configuration list for PBXNativeTarget "HMUtilitiesTests" */ = {
			isa = XCConfigurationList;
			buildConfigurations = (
				OBJ_31 /* Debug */,
				OBJ_32 /* Release */,
			);
			defaultConfigurationIsVisible = 0;
			defaultConfigurationName = Debug;
		};
		OBJ_39 /* Build configuration list for PBXNativeTarget "HMUtilities" */ = {
			isa = XCConfigurationList;
			buildConfigurations = (
				OBJ_40 /* Debug */,
				OBJ_41 /* Release */,
			);
			defaultConfigurationIsVisible = 0;
			defaultConfigurationName = Debug;
		};
/* End XCConfigurationList section */
	};
	rootObject = OBJ_1 /* Project object */;
}
